
Microsoft Visual Studio Solution File, Format Version 12.00
# Visual Studio 2015
Project("{FAE04EC0-301F-11D3-BF4B-00C04F79EFBC}") = "Game-Invaders.CSharp.Plugins", "Game-Invaders.CSharp.Plugins.csproj", "{6EE501A8-F5A9-CF81-9CC8-3F749F6BB3CE}"
EndProject
Project("{FAE04EC0-301F-11D3-BF4B-00C04F79EFBC}") = "Game-Invaders.CSharp", "Game-Invaders.CSharp.csproj", "{063862ED-B67D-B03F-CF4E-2AA00D2D1F17}"
EndProject
Project("{FAE04EC0-301F-11D3-BF4B-00C04F79EFBC}") = "Game-Invaders.CSharp.Editor", "Game-Invaders.CSharp.Editor.csproj", "{07E538E9-1358-3687-13E0-3FDC3A5882B6}"
EndProject
Global
	GlobalSection(SolutionConfigurationPlatforms) = preSolution
		Debug|Any CPU = Debug|Any CPU
		Release|Any CPU = Release|Any CPU
	EndGlobalSection
	GlobalSection(ProjectConfigurationPlatforms) = postSolution
		{6EE501A8-F5A9-CF81-9CC8-3F749F6BB3CE}.Debug|Any CPU.ActiveCfg = Debug|Any CPU
		{6EE501A8-F5A9-CF81-9CC8-3F749F6BB3CE}.Debug|Any CPU.Build.0 = Debug|Any CPU
		{6EE501A8-F5A9-CF81-9CC8-3F749F6BB3CE}.Release|Any CPU.ActiveCfg = Release|Any CPU
		{6EE501A8-F5A9-CF81-9CC8-3F749F6BB3CE}.Release|Any CPU.Build.0 = Release|Any CPU
		{063862ED-B67D-B03F-CF4E-2AA00D2D1F17}.Debug|Any CPU.ActiveCfg = Debug|Any CPU
		{063862ED-B67D-B03F-CF4E-2AA00D2D1F17}.Debug|Any CPU.Build.0 = Debug|Any CPU
		{063862ED-B67D-B03F-CF4E-2AA00D2D1F17}.Release|Any CPU.ActiveCfg = Release|Any CPU
		{063862ED-B67D-B03F-CF4E-2AA00D2D1F17}.Release|Any CPU.Build.0 = Release|Any CPU
		{07E538E9-1358-3687-13E0-3FDC3A5882B6}.Debug|Any CPU.ActiveCfg = Debug|Any CPU
		{07E538E9-1358-3687-13E0-3FDC3A5882B6}.Debug|Any CPU.Build.0 = Debug|Any CPU
		{07E538E9-1358-3687-13E0-3FDC3A5882B6}.Release|Any CPU.ActiveCfg = Release|Any CPU
		{07E538E9-1358-3687-13E0-3FDC3A5882B6}.Release|Any CPU.Build.0 = Release|Any CPU
	EndGlobalSection
	GlobalSection(SolutionProperties) = preSolution
		HideSolutionNode = FALSE
	EndGlobalSection
EndGlobal
